
Microsoft Visual Studio Solution File, Format Version 12.00
# Visual Studio 15
VisualStudioVersion = 15.0.28010.2003
MinimumVisualStudioVersion = 10.0.40219.1
Project("{FAE04EC0-301F-11D3-BF4B-00C04F79EFBC}") = "Ejemplo03", "Ejemplo03\Ejemplo03.csproj", "{13779978-CADF-4646-8C6B-1A4A30C6EA31}"
EndProject
Global
	GlobalSection(SolutionConfigurationPlatforms) = preSolution
		Debug|Any CPU = Debug|Any CPU
		Release|Any CPU = Release|Any CPU
	EndGlobalSection
	GlobalSection(ProjectConfigurationPlatforms) = postSolution
		{13779978-CADF-4646-8C6B-1A4A30C6EA31}.Debug|Any CPU.ActiveCfg = Debug|Any CPU
		{13779978-CADF-4646-8C6B-1A4A30C6EA31}.Debug|Any CPU.Build.0 = Debug|Any CPU
		{13779978-CADF-4646-8C6B-1A4A30C6EA31}.Release|Any CPU.ActiveCfg = Release|Any CPU
		{13779978-CADF-4646-8C6B-1A4A30C6EA31}.Release|Any CPU.Build.0 = Release|Any CPU
	EndGlobalSection
	GlobalSection(SolutionProperties) = preSolution
		HideSolutionNode = FALSE
	EndGlobalSection
	GlobalSection(ExtensibilityGlobals) = postSolution
		SolutionGuid = {D81E5E5B-E1F5-4595-89E0-15EBCD2617DE}
	EndGlobalSection
EndGlobal
